<?xml version="1.0" encoding="utf-8"?>
<Project ToolsVersion="4.0" xmlns="http://schemas.microsoft.com/developer/msbuild/2003">
  <ItemGroup>
    <Filter Include="libds">
      <UniqueIdentifier>{768576b8-ced6-4448-ae18-30add159cab5}</UniqueIdentifier>
    </Filter>
    <Filter Include="csvFiles">
      <UniqueIdentifier>{39082f98-d070-4073-8cf3-93e82d342fe1}</UniqueIdentifier>
    </Filter>
  </ItemGroup>
  <ItemGroup>
    <ClInclude Include="..\..\AUS-VS2022\DataStructures\DataStructures\libds\adt\abstract_data_type.h">
      <Filter>libds</Filter>
    </ClInclude>
    <ClInclude Include="..\..\AUS-VS2022\DataStructures\DataStructures\libds\adt\array.h">
      <Filter>libds</Filter>
    </ClInclude>
    <ClInclude Include="..\..\AUS-VS2022\DataStructures\DataStructures\libds\adt\list.h">
      <Filter>libds</Filter>
    </ClInclude>
    <ClInclude Include="..\..\AUS-VS2022\DataStructures\DataStructures\libds\adt\priority_queue.h">
      <Filter>libds</Filter>
    </ClInclude>
    <ClInclude Include="..\..\AUS-VS2022\DataStructures\DataStructures\libds\adt\queue.h">
      <Filter>libds</Filter>
    </ClInclude>
    <ClInclude Include="..\..\AUS-VS2022\DataStructures\DataStructures\libds\adt\sorts.h">
      <Filter>libds</Filter>
    </ClInclude>
    <ClInclude Include="..\..\AUS-VS2022\DataStructures\DataStructures\libds\adt\stack.h">
      <Filter>libds</Filter>
    </ClInclude>
    <ClInclude Include="..\..\AUS-VS2022\DataStructures\DataStructures\libds\adt\table.h">
      <Filter>libds</Filter>
    </ClInclude>
    <ClInclude Include="..\..\AUS-VS2022\DataStructures\DataStructures\libds\adt\tree.h">
      <Filter>libds</Filter>
    </ClInclude>
    <ClInclude Include="..\..\AUS-VS2022\DataStructures\DataStructures\libds\amt\abstract_memory_type.h">
      <Filter>libds</Filter>
    </ClInclude>
    <ClInclude Include="..\..\AUS-VS2022\DataStructures\DataStructures\libds\amt\explicit_hierarchy.h">
      <Filter>libds</Filter>
    </ClInclude>
    <ClInclude Include="..\..\AUS-VS2022\DataStructures\DataStructures\libds\amt\explicit_network.h">
      <Filter>libds</Filter>
    </ClInclude>
    <ClInclude Include="..\..\AUS-VS2022\DataStructures\DataStructures\libds\amt\explicit_sequence.h">
      <Filter>libds</Filter>
    </ClInclude>
    <ClInclude Include="..\..\AUS-VS2022\DataStructures\DataStructures\libds\amt\hierarchy.h">
      <Filter>libds</Filter>
    </ClInclude>
    <ClInclude Include="..\..\AUS-VS2022\DataStructures\DataStructures\libds\amt\implicit_hierarchy.h">
      <Filter>libds</Filter>
    </ClInclude>
    <ClInclude Include="..\..\AUS-VS2022\DataStructures\DataStructures\libds\amt\implicit_sequence.h">
      <Filter>libds</Filter>
    </ClInclude>
    <ClInclude Include="..\..\AUS-VS2022\DataStructures\DataStructures\libds\amt\network.h">
      <Filter>libds</Filter>
    </ClInclude>
    <ClInclude Include="..\..\AUS-VS2022\DataStructures\DataStructures\libds\amt\sequence.h">
      <Filter>libds</Filter>
    </ClInclude>
    <ClInclude Include="..\..\AUS-VS2022\DataStructures\DataStructures\libds\constants.h">
      <Filter>libds</Filter>
    </ClInclude>
    <ClInclude Include="..\..\AUS-VS2022\DataStructures\DataStructures\libds\heap_monitor.h">
      <Filter>libds</Filter>
    </ClInclude>
    <ClInclude Include="..\..\AUS-VS2022\DataStructures\DataStructures\libds\mm\compact_memory_manager.h">
      <Filter>libds</Filter>
    </ClInclude>
    <ClInclude Include="..\..\AUS-VS2022\DataStructures\DataStructures\libds\mm\memory_manager.h">
      <Filter>libds</Filter>
    </ClInclude>
    <ClInclude Include="..\..\AUS-VS2022\DataStructures\DataStructures\libds\mm\memory_omanip.h">
      <Filter>libds</Filter>
    </ClInclude>
    <ClInclude Include="loader.h" />
    <ClInclude Include="uzemnaJednotka.h" />
  </ItemGroup>
  <ItemGroup>
    <ClCompile Include="main.cpp" />
  </ItemGroup>
  <ItemGroup>
    <None Include="..\kraje.csv">
      <Filter>csvFiles</Filter>
    </None>
    <None Include="..\obce.csv">
      <Filter>csvFiles</Filter>
    </None>
    <None Include="..\okresy.csv">
      <Filter>csvFiles</Filter>
    </None>
  </ItemGroup>
</Project>