<?xml version="1.0" encoding="utf-8"?>
<Project ToolsVersion="4.0" xmlns="http://schemas.microsoft.com/developer/msbuild/2003">
  <ItemGroup>
    <Filter Include="csvFiles">
      <UniqueIdentifier>{39082f98-d070-4073-8cf3-93e82d342fe1}</UniqueIdentifier>
    </Filter>
  </ItemGroup>
  <ItemGroup>
    <ClInclude Include="loader.h" />
    <ClInclude Include="uzemnaJednotka.h" />
    <ClInclude Include="filter.h" />
  </ItemGroup>
  <ItemGroup>
    <ClCompile Include="main.cpp" />
  </ItemGroup>
  <ItemGroup>
    <None Include="..\kraje.csv">
      <Filter>csvFiles</Filter>
    </None>
    <None Include="..\obce.csv">
      <Filter>csvFiles</Filter>
    </None>
    <None Include="..\okresy.csv">
      <Filter>csvFiles</Filter>
    </None>
  </ItemGroup>
</Project>